
Microsoft Visual Studio Solution File, Format Version 12.00
# Visual Studio 15
VisualStudioVersion = 15.0.28307.329
MinimumVisualStudioVersion = 10.0.40219.1
Project("{8BC9CEB8-8B4A-11D0-8D11-00A0C91BC942}") = "Problem20190215", "Problem20190215\Problem20190215.vcxproj", "{1D6B7F3F-69D8-4E74-9E3D-3367A214FBCC}"
EndProject
Project("{8BC9CEB8-8B4A-11D0-8D11-00A0C91BC942}") = "Problem20190216", "Problem20190216\Problem20190216.vcxproj", "{69700A18-DAD1-4E53-AD0A-25D1F0C25EEC}"
EndProject
Project("{8BC9CEB8-8B4A-11D0-8D11-00A0C91BC942}") = "Problem20190218", "Problem20190218\Problem20190218.vcxproj", "{1A18F84F-7FC8-42E3-A4B4-6F3595FA2609}"
EndProject
Project("{2150E333-8FDC-42A3-9474-1A3956D46DE8}") = "Solution Items", "Solution Items", "{4314D18C-F414-4EED-8125-6BFD519DA6EE}"
	ProjectSection(SolutionItems) = preProject
		Python\Problem20190219.ipynb = Python\Problem20190219.ipynb
	EndProjectSection
EndProject
Project("{8BC9CEB8-8B4A-11D0-8D11-00A0C91BC942}") = "Problem20190220", "Problem20190220\Problem20190220.vcxproj", "{783E3094-48D0-46BF-8920-76365A8DB2FB}"
EndProject
Project("{8BC9CEB8-8B4A-11D0-8D11-00A0C91BC942}") = "Problem20190302", "Problem20190302\Problem20190302.vcxproj", "{973F109D-D866-4C7A-9358-ED0FD791012F}"
EndProject
Project("{8BC9CEB8-8B4A-11D0-8D11-00A0C91BC942}") = "Problem20190306", "Problem20190306\Problem20190306.vcxproj", "{7C34F66E-B26A-4EC1-A20F-34E05CFF7B95}"
EndProject
Project("{8BC9CEB8-8B4A-11D0-8D11-00A0C91BC942}") = "Problem20190307", "Problem20190307\Problem20190307.vcxproj", "{A0378E98-1533-4226-AE27-7D8681915C79}"
EndProject
Project("{8BC9CEB8-8B4A-11D0-8D11-00A0C91BC942}") = "Problem20190309", "Problem20190309\Problem20190309.vcxproj", "{D91F6C1E-E82B-4F38-80CD-E237B5A27BE7}"
EndProject
Project("{8BC9CEB8-8B4A-11D0-8D11-00A0C91BC942}") = "Problem20190402", "Problem20190402\Problem20190402.vcxproj", "{977D8485-CCB8-41EE-A660-2EC06DC074CA}"
EndProject
Project("{8BC9CEB8-8B4A-11D0-8D11-00A0C91BC942}") = "Problem20190405", "Problem20190405\Problem20190405.vcxproj", "{832A403B-17FE-4694-88A1-699387E334CC}"
EndProject
Project("{8BC9CEB8-8B4A-11D0-8D11-00A0C91BC942}") = "Problem20190719", "Problem20190719\Problem20190719.vcxproj", "{5B80E1CF-CEDC-48B5-87CE-DBF204D16449}"
EndProject
Project("{8BC9CEB8-8B4A-11D0-8D11-00A0C91BC942}") = "Problem20190717", "Problem20190717\Problem20190717.vcxproj", "{5AD018DA-4570-418D-BD87-89EB6928036E}"
EndProject
Global
	GlobalSection(SolutionConfigurationPlatforms) = preSolution
		Debug|x64 = Debug|x64
		Debug|x86 = Debug|x86
		Release|x64 = Release|x64
		Release|x86 = Release|x86
	EndGlobalSection
	GlobalSection(ProjectConfigurationPlatforms) = postSolution
		{1D6B7F3F-69D8-4E74-9E3D-3367A214FBCC}.Debug|x64.ActiveCfg = Debug|x64
		{1D6B7F3F-69D8-4E74-9E3D-3367A214FBCC}.Debug|x64.Build.0 = Debug|x64
		{1D6B7F3F-69D8-4E74-9E3D-3367A214FBCC}.Debug|x86.ActiveCfg = Debug|Win32
		{1D6B7F3F-69D8-4E74-9E3D-3367A214FBCC}.Debug|x86.Build.0 = Debug|Win32
		{1D6B7F3F-69D8-4E74-9E3D-3367A214FBCC}.Release|x64.ActiveCfg = Release|x64
		{1D6B7F3F-69D8-4E74-9E3D-3367A214FBCC}.Release|x64.Build.0 = Release|x64
		{1D6B7F3F-69D8-4E74-9E3D-3367A214FBCC}.Release|x86.ActiveCfg = Release|Win32
		{1D6B7F3F-69D8-4E74-9E3D-3367A214FBCC}.Release|x86.Build.0 = Release|Win32
		{69700A18-DAD1-4E53-AD0A-25D1F0C25EEC}.Debug|x64.ActiveCfg = Debug|x64
		{69700A18-DAD1-4E53-AD0A-25D1F0C25EEC}.Debug|x64.Build.0 = Debug|x64
		{69700A18-DAD1-4E53-AD0A-25D1F0C25EEC}.Debug|x86.ActiveCfg = Debug|Win32
		{69700A18-DAD1-4E53-AD0A-25D1F0C25EEC}.Debug|x86.Build.0 = Debug|Win32
		{69700A18-DAD1-4E53-AD0A-25D1F0C25EEC}.Release|x64.ActiveCfg = Release|x64
		{69700A18-DAD1-4E53-AD0A-25D1F0C25EEC}.Release|x64.Build.0 = Release|x64
		{69700A18-DAD1-4E53-AD0A-25D1F0C25EEC}.Release|x86.ActiveCfg = Release|Win32
		{69700A18-DAD1-4E53-AD0A-25D1F0C25EEC}.Release|x86.Build.0 = Release|Win32
		{1A18F84F-7FC8-42E3-A4B4-6F3595FA2609}.Debug|x64.ActiveCfg = Debug|x64
		{1A18F84F-7FC8-42E3-A4B4-6F3595FA2609}.Debug|x64.Build.0 = Debug|x64
		{1A18F84F-7FC8-42E3-A4B4-6F3595FA2609}.Debug|x86.ActiveCfg = Debug|Win32
		{1A18F84F-7FC8-42E3-A4B4-6F3595FA2609}.Debug|x86.Build.0 = Debug|Win32
		{1A18F84F-7FC8-42E3-A4B4-6F3595FA2609}.Release|x64.ActiveCfg = Release|x64
		{1A18F84F-7FC8-42E3-A4B4-6F3595FA2609}.Release|x64.Build.0 = Release|x64
		{1A18F84F-7FC8-42E3-A4B4-6F3595FA2609}.Release|x86.ActiveCfg = Release|Win32
		{1A18F84F-7FC8-42E3-A4B4-6F3595FA2609}.Release|x86.Build.0 = Release|Win32
		{783E3094-48D0-46BF-8920-76365A8DB2FB}.Debug|x64.ActiveCfg = Debug|x64
		{783E3094-48D0-46BF-8920-76365A8DB2FB}.Debug|x64.Build.0 = Debug|x64
		{783E3094-48D0-46BF-8920-76365A8DB2FB}.Debug|x86.ActiveCfg = Debug|Win32
		{783E3094-48D0-46BF-8920-76365A8DB2FB}.Debug|x86.Build.0 = Debug|Win32
		{783E3094-48D0-46BF-8920-76365A8DB2FB}.Release|x64.ActiveCfg = Release|x64
		{783E3094-48D0-46BF-8920-76365A8DB2FB}.Release|x64.Build.0 = Release|x64
		{783E3094-48D0-46BF-8920-76365A8DB2FB}.Release|x86.ActiveCfg = Release|Win32
		{783E3094-48D0-46BF-8920-76365A8DB2FB}.Release|x86.Build.0 = Release|Win32
		{973F109D-D866-4C7A-9358-ED0FD791012F}.Debug|x64.ActiveCfg = Debug|x64
		{973F109D-D866-4C7A-9358-ED0FD791012F}.Debug|x64.Build.0 = Debug|x64
		{973F109D-D866-4C7A-9358-ED0FD791012F}.Debug|x86.ActiveCfg = Debug|Win32
		{973F109D-D866-4C7A-9358-ED0FD791012F}.Debug|x86.Build.0 = Debug|Win32
		{973F109D-D866-4C7A-9358-ED0FD791012F}.Release|x64.ActiveCfg = Release|x64
		{973F109D-D866-4C7A-9358-ED0FD791012F}.Release|x64.Build.0 = Release|x64
		{973F109D-D866-4C7A-9358-ED0FD791012F}.Release|x86.ActiveCfg = Release|Win32
		{973F109D-D866-4C7A-9358-ED0FD791012F}.Release|x86.Build.0 = Release|Win32
		{7C34F66E-B26A-4EC1-A20F-34E05CFF7B95}.Debug|x64.ActiveCfg = Debug|x64
		{7C34F66E-B26A-4EC1-A20F-34E05CFF7B95}.Debug|x64.Build.0 = Debug|x64
		{7C34F66E-B26A-4EC1-A20F-34E05CFF7B95}.Debug|x86.ActiveCfg = Debug|Win32
		{7C34F66E-B26A-4EC1-A20F-34E05CFF7B95}.Debug|x86.Build.0 = Debug|Win32
		{7C34F66E-B26A-4EC1-A20F-34E05CFF7B95}.Release|x64.ActiveCfg = Release|x64
		{7C34F66E-B26A-4EC1-A20F-34E05CFF7B95}.Release|x64.Build.0 = Release|x64
		{7C34F66E-B26A-4EC1-A20F-34E05CFF7B95}.Release|x86.ActiveCfg = Release|Win32
		{7C34F66E-B26A-4EC1-A20F-34E05CFF7B95}.Release|x86.Build.0 = Release|Win32
		{A0378E98-1533-4226-AE27-7D8681915C79}.Debug|x64.ActiveCfg = Debug|x64
		{A0378E98-1533-4226-AE27-7D8681915C79}.Debug|x64.Build.0 = Debug|x64
		{A0378E98-1533-4226-AE27-7D8681915C79}.Debug|x86.ActiveCfg = Debug|Win32
		{A0378E98-1533-4226-AE27-7D8681915C79}.Debug|x86.Build.0 = Debug|Win32
		{A0378E98-1533-4226-AE27-7D8681915C79}.Release|x64.ActiveCfg = Release|x64
		{A0378E98-1533-4226-AE27-7D8681915C79}.Release|x64.Build.0 = Release|x64
		{A0378E98-1533-4226-AE27-7D8681915C79}.Release|x86.ActiveCfg = Release|Win32
		{A0378E98-1533-4226-AE27-7D8681915C79}.Release|x86.Build.0 = Release|Win32
		{D91F6C1E-E82B-4F38-80CD-E237B5A27BE7}.Debug|x64.ActiveCfg = Debug|x64
		{D91F6C1E-E82B-4F38-80CD-E237B5A27BE7}.Debug|x64.Build.0 = Debug|x64
		{D91F6C1E-E82B-4F38-80CD-E237B5A27BE7}.Debug|x86.ActiveCfg = Debug|Win32
		{D91F6C1E-E82B-4F38-80CD-E237B5A27BE7}.Debug|x86.Build.0 = Debug|Win32
		{D91F6C1E-E82B-4F38-80CD-E237B5A27BE7}.Release|x64.ActiveCfg = Release|x64
		{D91F6C1E-E82B-4F38-80CD-E237B5A27BE7}.Release|x64.Build.0 = Release|x64
		{D91F6C1E-E82B-4F38-80CD-E237B5A27BE7}.Release|x86.ActiveCfg = Release|Win32
		{D91F6C1E-E82B-4F38-80CD-E237B5A27BE7}.Release|x86.Build.0 = Release|Win32
		{977D8485-CCB8-41EE-A660-2EC06DC074CA}.Debug|x64.ActiveCfg = Debug|x64
		{977D8485-CCB8-41EE-A660-2EC06DC074CA}.Debug|x64.Build.0 = Debug|x64
		{977D8485-CCB8-41EE-A660-2EC06DC074CA}.Debug|x86.ActiveCfg = Debug|Win32
		{977D8485-CCB8-41EE-A660-2EC06DC074CA}.Debug|x86.Build.0 = Debug|Win32
		{977D8485-CCB8-41EE-A660-2EC06DC074CA}.Release|x64.ActiveCfg = Release|x64
		{977D8485-CCB8-41EE-A660-2EC06DC074CA}.Release|x64.Build.0 = Release|x64
		{977D8485-CCB8-41EE-A660-2EC06DC074CA}.Release|x86.ActiveCfg = Release|Win32
		{977D8485-CCB8-41EE-A660-2EC06DC074CA}.Release|x86.Build.0 = Release|Win32
		{832A403B-17FE-4694-88A1-699387E334CC}.Debug|x64.ActiveCfg = Debug|x64
		{832A403B-17FE-4694-88A1-699387E334CC}.Debug|x64.Build.0 = Debug|x64
		{832A403B-17FE-4694-88A1-699387E334CC}.Debug|x86.ActiveCfg = Debug|Win32
		{832A403B-17FE-4694-88A1-699387E334CC}.Debug|x86.Build.0 = Debug|Win32
		{832A403B-17FE-4694-88A1-699387E334CC}.Release|x64.ActiveCfg = Release|x64
		{832A403B-17FE-4694-88A1-699387E334CC}.Release|x64.Build.0 = Release|x64
		{832A403B-17FE-4694-88A1-699387E334CC}.Release|x86.ActiveCfg = Release|Win32
		{832A403B-17FE-4694-88A1-699387E334CC}.Release|x86.Build.0 = Release|Win32
		{5B80E1CF-CEDC-48B5-87CE-DBF204D16449}.Debug|x64.ActiveCfg = Debug|x64
		{5B80E1CF-CEDC-48B5-87CE-DBF204D16449}.Debug|x64.Build.0 = Debug|x64
		{5B80E1CF-CEDC-48B5-87CE-DBF204D16449}.Debug|x86.ActiveCfg = Debug|Win32
		{5B80E1CF-CEDC-48B5-87CE-DBF204D16449}.Debug|x86.Build.0 = Debug|Win32
		{5B80E1CF-CEDC-48B5-87CE-DBF204D16449}.Release|x64.ActiveCfg = Release|x64
		{5B80E1CF-CEDC-48B5-87CE-DBF204D16449}.Release|x64.Build.0 = Release|x64
		{5B80E1CF-CEDC-48B5-87CE-DBF204D16449}.Release|x86.ActiveCfg = Release|Win32
		{5B80E1CF-CEDC-48B5-87CE-DBF204D16449}.Release|x86.Build.0 = Release|Win32
		{5AD018DA-4570-418D-BD87-89EB6928036E}.Debug|x64.ActiveCfg = Debug|x64
		{5AD018DA-4570-418D-BD87-89EB6928036E}.Debug|x64.Build.0 = Debug|x64
		{5AD018DA-4570-418D-BD87-89EB6928036E}.Debug|x86.ActiveCfg = Debug|Win32
		{5AD018DA-4570-418D-BD87-89EB6928036E}.Debug|x86.Build.0 = Debug|Win32
		{5AD018DA-4570-418D-BD87-89EB6928036E}.Release|x64.ActiveCfg = Release|x64
		{5AD018DA-4570-418D-BD87-89EB6928036E}.Release|x64.Build.0 = Release|x64
		{5AD018DA-4570-418D-BD87-89EB6928036E}.Release|x86.ActiveCfg = Release|Win32
		{5AD018DA-4570-418D-BD87-89EB6928036E}.Release|x86.Build.0 = Release|Win32
	EndGlobalSection
	GlobalSection(SolutionProperties) = preSolution
		HideSolutionNode = FALSE
	EndGlobalSection
	GlobalSection(ExtensibilityGlobals) = postSolution
		SolutionGuid = {BEEEDF64-0432-4850-B4D3-A830A205571A}
	EndGlobalSection
EndGlobal
